{
  "name": "duky_flow",
  "lockfileVersion": 2,
  "requires": true,
  "packages": {
    "": {
      "dependencies": {
        "nekosapi": "^0.5.2"
      }
    },
    "node_modules/nekosapi": {
      "version": "0.5.2",
      "resolved": "https://registry.npmjs.org/nekosapi/-/nekosapi-0.5.2.tgz",
      "integrity": "sha512-SqViATgO51P30p8LnEnSTr0+xRywSbguUwv7ugbaF1efMFN4Iah7+VSPTujVZ9n3ZnQptL9VUEouEowoG5lYIw==",
      "engines": {
        "node": ">=18.0.0"
      }
    }
  },
  "dependencies": {
    "nekosapi": {
      "version": "0.5.2",
      "resolved": "https://registry.npmjs.org/nekosapi/-/nekosapi-0.5.2.tgz",
      "integrity": "sha512-SqViATgO51P30p8LnEnSTr0+xRywSbguUwv7ugbaF1efMFN4Iah7+VSPTujVZ9n3ZnQptL9VUEouEowoG5lYIw=="
    }
  }
}
